
Microsoft Visual Studio Solution File, Format Version 12.00
# Visual Studio 15
VisualStudioVersion = 15.0.28010.2041
MinimumVisualStudioVersion = 10.0.40219.1
Project("{9A19103F-16F7-4668-BE54-9A1E7A4F7556}") = "JTPClient", "Assignment3\JTPClient.csproj", "{6B9C4769-C9C8-4974-81E4-04377A1854C1}"
EndProject
Project("{9A19103F-16F7-4668-BE54-9A1E7A4F7556}") = "JTPServer", "JTPServer\JTPServer.csproj", "{03D5223F-F266-4583-A553-CA6F1EE1EC1A}"
EndProject
Project("{FAE04EC0-301F-11D3-BF4B-00C04F79EFBC}") = "Model", "Model\Model.csproj", "{5644F595-5843-4941-BF12-E523C6B79CF0}"
EndProject
Project("{FAE04EC0-301F-11D3-BF4B-00C04F79EFBC}") = "API", "API\API.csproj", "{EFC460AB-D63B-4F52-A240-DFC720F89722}"
EndProject
Global
	GlobalSection(SolutionConfigurationPlatforms) = preSolution
		Debug|Any CPU = Debug|Any CPU
		Release|Any CPU = Release|Any CPU
	EndGlobalSection
	GlobalSection(ProjectConfigurationPlatforms) = postSolution
		{6B9C4769-C9C8-4974-81E4-04377A1854C1}.Debug|Any CPU.ActiveCfg = Debug|Any CPU
		{6B9C4769-C9C8-4974-81E4-04377A1854C1}.Debug|Any CPU.Build.0 = Debug|Any CPU
		{6B9C4769-C9C8-4974-81E4-04377A1854C1}.Release|Any CPU.ActiveCfg = Release|Any CPU
		{6B9C4769-C9C8-4974-81E4-04377A1854C1}.Release|Any CPU.Build.0 = Release|Any CPU
		{03D5223F-F266-4583-A553-CA6F1EE1EC1A}.Debug|Any CPU.ActiveCfg = Debug|Any CPU
		{03D5223F-F266-4583-A553-CA6F1EE1EC1A}.Debug|Any CPU.Build.0 = Debug|Any CPU
		{03D5223F-F266-4583-A553-CA6F1EE1EC1A}.Release|Any CPU.ActiveCfg = Release|Any CPU
		{03D5223F-F266-4583-A553-CA6F1EE1EC1A}.Release|Any CPU.Build.0 = Release|Any CPU
		{5644F595-5843-4941-BF12-E523C6B79CF0}.Debug|Any CPU.ActiveCfg = Debug|Any CPU
		{5644F595-5843-4941-BF12-E523C6B79CF0}.Debug|Any CPU.Build.0 = Debug|Any CPU
		{5644F595-5843-4941-BF12-E523C6B79CF0}.Release|Any CPU.ActiveCfg = Release|Any CPU
		{5644F595-5843-4941-BF12-E523C6B79CF0}.Release|Any CPU.Build.0 = Release|Any CPU
		{EFC460AB-D63B-4F52-A240-DFC720F89722}.Debug|Any CPU.ActiveCfg = Debug|Any CPU
		{EFC460AB-D63B-4F52-A240-DFC720F89722}.Debug|Any CPU.Build.0 = Debug|Any CPU
		{EFC460AB-D63B-4F52-A240-DFC720F89722}.Release|Any CPU.ActiveCfg = Release|Any CPU
		{EFC460AB-D63B-4F52-A240-DFC720F89722}.Release|Any CPU.Build.0 = Release|Any CPU
	EndGlobalSection
	GlobalSection(SolutionProperties) = preSolution
		HideSolutionNode = FALSE
	EndGlobalSection
	GlobalSection(ExtensibilityGlobals) = postSolution
		SolutionGuid = {5DD0CF86-6747-4A36-AEE4-E47DB87E5D19}
	EndGlobalSection
EndGlobal
